
Microsoft Visual Studio Solution File, Format Version 12.00
# Visual Studio Version 17
VisualStudioVersion = 17.3.32922.545
MinimumVisualStudioVersion = 10.0.40219.1
Project("{FAE04EC0-301F-11D3-BF4B-00C04F79EFBC}") = "Discord bot", "Discord bot\Discord bot.csproj", "{1325F329-79EF-417F-86B0-D99A2C501CDC}"
EndProject
Project("{2150E333-8FDC-42A3-9474-1A3956D46DE8}") = "Model", "Model", "{C5028361-0EE8-42AE-8B0A-668F49A46F81}"
	ProjectSection(SolutionItems) = preProject
		SlashCommand.cs = SlashCommand.cs
	EndProjectSection
EndProject
Global
	GlobalSection(SolutionConfigurationPlatforms) = preSolution
		Debug|Any CPU = Debug|Any CPU
		Release|Any CPU = Release|Any CPU
	EndGlobalSection
	GlobalSection(ProjectConfigurationPlatforms) = postSolution
		{1325F329-79EF-417F-86B0-D99A2C501CDC}.Debug|Any CPU.ActiveCfg = Debug|Any CPU
		{1325F329-79EF-417F-86B0-D99A2C501CDC}.Debug|Any CPU.Build.0 = Debug|Any CPU
		{1325F329-79EF-417F-86B0-D99A2C501CDC}.Release|Any CPU.ActiveCfg = Release|Any CPU
		{1325F329-79EF-417F-86B0-D99A2C501CDC}.Release|Any CPU.Build.0 = Release|Any CPU
	EndGlobalSection
	GlobalSection(SolutionProperties) = preSolution
		HideSolutionNode = FALSE
	EndGlobalSection
	GlobalSection(ExtensibilityGlobals) = postSolution
		SolutionGuid = {E0A3745D-FA81-4306-A8FA-9785406D1F0C}
	EndGlobalSection
EndGlobal
